
Microsoft Visual Studio Solution File, Format Version 12.00
# Visual Studio 15
VisualStudioVersion = 15.0.27130.2026
MinimumVisualStudioVersion = 10.0.40219.1
Project("{FAE04EC0-301F-11D3-BF4B-00C04F79EFBC}") = "lab11", "lab11\lab11.csproj", "{D653D661-D81B-4CF5-9D42-BF69FA3FBEAD}"
EndProject
Global
	GlobalSection(SolutionConfigurationPlatforms) = preSolution
		Debug|Any CPU = Debug|Any CPU
		Release|Any CPU = Release|Any CPU
	EndGlobalSection
	GlobalSection(ProjectConfigurationPlatforms) = postSolution
		{D653D661-D81B-4CF5-9D42-BF69FA3FBEAD}.Debug|Any CPU.ActiveCfg = Debug|Any CPU
		{D653D661-D81B-4CF5-9D42-BF69FA3FBEAD}.Debug|Any CPU.Build.0 = Debug|Any CPU
		{D653D661-D81B-4CF5-9D42-BF69FA3FBEAD}.Release|Any CPU.ActiveCfg = Release|Any CPU
		{D653D661-D81B-4CF5-9D42-BF69FA3FBEAD}.Release|Any CPU.Build.0 = Release|Any CPU
	EndGlobalSection
	GlobalSection(SolutionProperties) = preSolution
		HideSolutionNode = FALSE
	EndGlobalSection
	GlobalSection(ExtensibilityGlobals) = postSolution
		SolutionGuid = {B653FBCB-D785-431B-99B3-B62922959830}
	EndGlobalSection
EndGlobal
